
Microsoft Visual Studio Solution File, Format Version 12.00
# Visual Studio Version 17
VisualStudioVersion = 17.8.34525.116
MinimumVisualStudioVersion = 10.0.40219.1
Project("{9A19103F-16F7-4668-BE54-9A1E7A4F7556}") = "AppSync.Web", "AppSync.Web\AppSync.Web.csproj", "{C419BF2C-7C69-439C-ACD7-0AA5B359406E}"
EndProject
Project("{00D1A9C2-B5F0-4AF3-8072-F6C62B433612}") = "AppSync.Db", "AppSync.Db\AppSync.Db.sqlproj", "{8D5B1A9B-9453-485B-B788-F8AE88075BAC}"
EndProject
Global
	GlobalSection(SolutionConfigurationPlatforms) = preSolution
		Debug|Any CPU = Debug|Any CPU
		Release|Any CPU = Release|Any CPU
	EndGlobalSection
	GlobalSection(ProjectConfigurationPlatforms) = postSolution
		{C419BF2C-7C69-439C-ACD7-0AA5B359406E}.Debug|Any CPU.ActiveCfg = Debug|Any CPU
		{C419BF2C-7C69-439C-ACD7-0AA5B359406E}.Debug|Any CPU.Build.0 = Debug|Any CPU
		{C419BF2C-7C69-439C-ACD7-0AA5B359406E}.Release|Any CPU.ActiveCfg = Release|Any CPU
		{C419BF2C-7C69-439C-ACD7-0AA5B359406E}.Release|Any CPU.Build.0 = Release|Any CPU
		{8D5B1A9B-9453-485B-B788-F8AE88075BAC}.Debug|Any CPU.ActiveCfg = Debug|Any CPU
		{8D5B1A9B-9453-485B-B788-F8AE88075BAC}.Debug|Any CPU.Build.0 = Debug|Any CPU
		{8D5B1A9B-9453-485B-B788-F8AE88075BAC}.Debug|Any CPU.Deploy.0 = Debug|Any CPU
		{8D5B1A9B-9453-485B-B788-F8AE88075BAC}.Release|Any CPU.ActiveCfg = Release|Any CPU
		{8D5B1A9B-9453-485B-B788-F8AE88075BAC}.Release|Any CPU.Build.0 = Release|Any CPU
		{8D5B1A9B-9453-485B-B788-F8AE88075BAC}.Release|Any CPU.Deploy.0 = Release|Any CPU
	EndGlobalSection
	GlobalSection(SolutionProperties) = preSolution
		HideSolutionNode = FALSE
	EndGlobalSection
	GlobalSection(ExtensibilityGlobals) = postSolution
		SolutionGuid = {98788A98-F16D-46A4-8455-8BF24FA3AF98}
	EndGlobalSection
EndGlobal
